// !$*UTF8*$!
{
	archiveVersion = 1;
	classes = {
	};
	objectVersion = 45;
	objects = {

/* Begin PBXBuildFile section */
		1D60589F0D05DD5A006BFB54 /* Foundation.framework in Frameworks */ = {isa = PBXBuildFile; fileRef = 1D30AB110D05D00D00671497 /* Foundation.framework */; };
		1DF5F4E00D08C38300B7A737 /* UIKit.framework in Frameworks */ = {isa = PBXBuildFile; fileRef = 1DF5F4DF0D08C38300B7A737 /* UIKit.framework */; };
		2235A27711797E5D0099FE99 /* main.m in Sources */ = {isa = PBXBuildFile; fileRef = 2235A27611797E5D0099FE99 /* main.m */; };
		2235A28211797E980099FE99 /* ApplicationDelegate.m in Sources */ = {isa = PBXBuildFile; fileRef = 2235A28111797E980099FE99 /* ApplicationDelegate.m */; };
		225D17811179A8B70085D2A4 /* Motion.m in Sources */ = {isa = PBXBuildFile; fileRef = 225D17801179A8B70085D2A4 /* Motion.m */; };
		225D17AD1179AA530085D2A4 /* LittleFlips6.wav in Resources */ = {isa = PBXBuildFile; fileRef = 225D17AC1179AA530085D2A4 /* LittleFlips6.wav */; };
		225D17AF1179AA5A0085D2A4 /* StartingGate.wav in Resources */ = {isa = PBXBuildFile; fileRef = 225D17AE1179AA5A0085D2A4 /* StartingGate.wav */; };
		225D17CE1179AB9A0085D2A4 /* CoreAudio.framework in Frameworks */ = {isa = PBXBuildFile; fileRef = 225D17CD1179AB9A0085D2A4 /* CoreAudio.framework */; };
		225D17D81179ABF10085D2A4 /* AVFoundation.framework in Frameworks */ = {isa = PBXBuildFile; fileRef = 225D17D71179ABF10085D2A4 /* AVFoundation.framework */; };
		225D17DE1179AC040085D2A4 /* AudioToolbox.framework in Frameworks */ = {isa = PBXBuildFile; fileRef = 225D17DD1179AC030085D2A4 /* AudioToolbox.framework */; };
		228053BD117A3CE500C66CC8 /* Default.png in Resources */ = {isa = PBXBuildFile; fileRef = 228053BC117A3CE500C66CC8 /* Default.png */; };
		228DE779117A391F00E77F61 /* MachineBackground.png in Resources */ = {isa = PBXBuildFile; fileRef = 228DE775117A391F00E77F61 /* MachineBackground.png */; };
		228DE77A117A391F00E77F61 /* Slot.png in Resources */ = {isa = PBXBuildFile; fileRef = 228DE776117A391F00E77F61 /* Slot.png */; };
		228DE77B117A391F00E77F61 /* SlotShading.png in Resources */ = {isa = PBXBuildFile; fileRef = 228DE777117A391F00E77F61 /* SlotShading.png */; };
		228DE77C117A391F00E77F61 /* StopBar.png in Resources */ = {isa = PBXBuildFile; fileRef = 228DE778117A391F00E77F61 /* StopBar.png */; };
		22C1CC491179855B003D1424 /* GameKit.framework in Frameworks */ = {isa = PBXBuildFile; fileRef = 22C1CC481179855B003D1424 /* GameKit.framework */; };
		288765FD0DF74451002DB57D /* CoreGraphics.framework in Frameworks */ = {isa = PBXBuildFile; fileRef = 288765FC0DF74451002DB57D /* CoreGraphics.framework */; };
/* End PBXBuildFile section */

/* Begin PBXFileReference section */
		1D30AB110D05D00D00671497 /* Foundation.framework */ = {isa = PBXFileReference; lastKnownFileType = wrapper.framework; name = Foundation.framework; path = System/Library/Frameworks/Foundation.framework; sourceTree = SDKROOT; };
		1D6058910D05DD3D006BFB54 /* SlotMachine.app */ = {isa = PBXFileReference; explicitFileType = wrapper.application; includeInIndex = 0; path = SlotMachine.app; sourceTree = BUILT_PRODUCTS_DIR; };
		1DF5F4DF0D08C38300B7A737 /* UIKit.framework */ = {isa = PBXFileReference; lastKnownFileType = wrapper.framework; name = UIKit.framework; path = System/Library/Frameworks/UIKit.framework; sourceTree = SDKROOT; };
		2235A27611797E5D0099FE99 /* main.m */ = {isa = PBXFileReference; fileEncoding = 4; lastKnownFileType = sourcecode.c.objc; path = main.m; sourceTree = "<group>"; };
		2235A28011797E980099FE99 /* ApplicationDelegate.h */ = {isa = PBXFileReference; fileEncoding = 4; lastKnownFileType = sourcecode.c.h; path = ApplicationDelegate.h; sourceTree = "<group>"; };
		2235A28111797E980099FE99 /* ApplicationDelegate.m */ = {isa = PBXFileReference; fileEncoding = 4; lastKnownFileType = sourcecode.c.objc; path = ApplicationDelegate.m; sourceTree = "<group>"; };
		225D177F1179A8B70085D2A4 /* Motion.h */ = {isa = PBXFileReference; fileEncoding = 4; lastKnownFileType = sourcecode.c.h; path = Motion.h; sourceTree = "<group>"; };
		225D17801179A8B70085D2A4 /* Motion.m */ = {isa = PBXFileReference; fileEncoding = 4; lastKnownFileType = sourcecode.c.objc; path = Motion.m; sourceTree = "<group>"; };
		225D17AC1179AA530085D2A4 /* LittleFlips6.wav */ = {isa = PBXFileReference; lastKnownFileType = audio.wav; path = LittleFlips6.wav; sourceTree = "<group>"; };
		225D17AE1179AA5A0085D2A4 /* StartingGate.wav */ = {isa = PBXFileReference; lastKnownFileType = audio.wav; path = StartingGate.wav; sourceTree = "<group>"; };
		225D17CD1179AB9A0085D2A4 /* CoreAudio.framework */ = {isa = PBXFileReference; lastKnownFileType = wrapper.framework; name = CoreAudio.framework; path = System/Library/Frameworks/CoreAudio.framework; sourceTree = SDKROOT; };
		225D17D71179ABF10085D2A4 /* AVFoundation.framework */ = {isa = PBXFileReference; lastKnownFileType = wrapper.framework; name = AVFoundation.framework; path = System/Library/Frameworks/AVFoundation.framework; sourceTree = SDKROOT; };
		225D17DD1179AC030085D2A4 /* AudioToolbox.framework */ = {isa = PBXFileReference; lastKnownFileType = wrapper.framework; name = AudioToolbox.framework; path = System/Library/Frameworks/AudioToolbox.framework; sourceTree = SDKROOT; };
		228053BC117A3CE500C66CC8 /* Default.png */ = {isa = PBXFileReference; lastKnownFileType = image.png; path = Default.png; sourceTree = "<group>"; };
		228DE775117A391F00E77F61 /* MachineBackground.png */ = {isa = PBXFileReference; lastKnownFileType = image.png; path = MachineBackground.png; sourceTree = "<group>"; };
		228DE776117A391F00E77F61 /* Slot.png */ = {isa = PBXFileReference; lastKnownFileType = image.png; path = Slot.png; sourceTree = "<group>"; };
		228DE777117A391F00E77F61 /* SlotShading.png */ = {isa = PBXFileReference; lastKnownFileType = image.png; path = SlotShading.png; sourceTree = "<group>"; };
		228DE778117A391F00E77F61 /* StopBar.png */ = {isa = PBXFileReference; lastKnownFileType = image.png; path = StopBar.png; sourceTree = "<group>"; };
		22C1CC481179855B003D1424 /* GameKit.framework */ = {isa = PBXFileReference; lastKnownFileType = wrapper.framework; name = GameKit.framework; path = System/Library/Frameworks/GameKit.framework; sourceTree = SDKROOT; };
		288765FC0DF74451002DB57D /* CoreGraphics.framework */ = {isa = PBXFileReference; lastKnownFileType = wrapper.framework; name = CoreGraphics.framework; path = System/Library/Frameworks/CoreGraphics.framework; sourceTree = SDKROOT; };
		32CA4F630368D1EE00C91783 /* Prefix.pch */ = {isa = PBXFileReference; fileEncoding = 4; lastKnownFileType = sourcecode.c.h; path = Prefix.pch; sourceTree = "<group>"; };
		8D1107310486CEB800E47090 /* Info.plist */ = {isa = PBXFileReference; fileEncoding = 4; lastKnownFileType = text.plist.xml; path = Info.plist; plistStructureDefinitionIdentifier = "com.apple.xcode.plist.structure-definition.iphone.info-plist"; sourceTree = "<group>"; };
/* End PBXFileReference section */

/* Begin PBXFrameworksBuildPhase section */
		1D60588F0D05DD3D006BFB54 /* Frameworks */ = {
			isa = PBXFrameworksBuildPhase;
			buildActionMask = 2147483647;
			files = (
				1D60589F0D05DD5A006BFB54 /* Foundation.framework in Frameworks */,
				1DF5F4E00D08C38300B7A737 /* UIKit.framework in Frameworks */,
				288765FD0DF74451002DB57D /* CoreGraphics.framework in Frameworks */,
				22C1CC491179855B003D1424 /* GameKit.framework in Frameworks */,
				225D17CE1179AB9A0085D2A4 /* CoreAudio.framework in Frameworks */,
				225D17D81179ABF10085D2A4 /* AVFoundation.framework in Frameworks */,
				225D17DE1179AC040085D2A4 /* AudioToolbox.framework in Frameworks */,
			);
			runOnlyForDeploymentPostprocessing = 0;
		};
/* End PBXFrameworksBuildPhase section */

/* Begin PBXGroup section */
		19C28FACFE9D520D11CA2CBB /* Products */ = {
			isa = PBXGroup;
			children = (
				1D6058910D05DD3D006BFB54 /* SlotMachine.app */,
			);
			name = Products;
			sourceTree = "<group>";
		};
		2235A27011797DD70099FE99 /* Source */ = {
			isa = PBXGroup;
			children = (
				2235A27611797E5D0099FE99 /* main.m */,
				2235A28011797E980099FE99 /* ApplicationDelegate.h */,
				2235A28111797E980099FE99 /* ApplicationDelegate.m */,
				225D177F1179A8B70085D2A4 /* Motion.h */,
				225D17801179A8B70085D2A4 /* Motion.m */,
			);
			path = Source;
			sourceTree = "<group>";
		};
		225D17A91179AA130085D2A4 /* Sounds */ = {
			isa = PBXGroup;
			children = (
				225D17AC1179AA530085D2A4 /* LittleFlips6.wav */,
				225D17AE1179AA5A0085D2A4 /* StartingGate.wav */,
			);
			path = Sounds;
			sourceTree = "<group>";
		};
		228DE774117A390400E77F61 /* Graphics */ = {
			isa = PBXGroup;
			children = (
				228053BC117A3CE500C66CC8 /* Default.png */,
				228DE775117A391F00E77F61 /* MachineBackground.png */,
				228DE776117A391F00E77F61 /* Slot.png */,
				228DE777117A391F00E77F61 /* SlotShading.png */,
				228DE778117A391F00E77F61 /* StopBar.png */,
			);
			path = Graphics;
			sourceTree = "<group>";
		};
		29B97314FDCFA39411CA2CEA /* CustomTemplate */ = {
			isa = PBXGroup;
			children = (
				8D1107310486CEB800E47090 /* Info.plist */,
				2235A27011797DD70099FE99 /* Source */,
				29B97315FDCFA39411CA2CEA /* Other Sources */,
				228DE774117A390400E77F61 /* Graphics */,
				225D17A91179AA130085D2A4 /* Sounds */,
				29B97323FDCFA39411CA2CEA /* Frameworks */,
				19C28FACFE9D520D11CA2CBB /* Products */,
			);
			name = CustomTemplate;
			sourceTree = "<group>";
		};
		29B97315FDCFA39411CA2CEA /* Other Sources */ = {
			isa = PBXGroup;
			children = (
				32CA4F630368D1EE00C91783 /* Prefix.pch */,
			);
			name = "Other Sources";
			sourceTree = "<group>";
		};
		29B97323FDCFA39411CA2CEA /* Frameworks */ = {
			isa = PBXGroup;
			children = (
				1DF5F4DF0D08C38300B7A737 /* UIKit.framework */,
				1D30AB110D05D00D00671497 /* Foundation.framework */,
				288765FC0DF74451002DB57D /* CoreGraphics.framework */,
				22C1CC481179855B003D1424 /* GameKit.framework */,
				225D17CD1179AB9A0085D2A4 /* CoreAudio.framework */,
				225D17D71179ABF10085D2A4 /* AVFoundation.framework */,
				225D17DD1179AC030085D2A4 /* AudioToolbox.framework */,
			);
			name = Frameworks;
			sourceTree = "<group>";
		};
/* End PBXGroup section */

/* Begin PBXNativeTarget section */
		1D6058900D05DD3D006BFB54 /* iPadSlotMachine */ = {
			isa = PBXNativeTarget;
			buildConfigurationList = 1D6058960D05DD3E006BFB54 /* Build configuration list for PBXNativeTarget "iPadSlotMachine" */;
			buildPhases = (
				1D60588D0D05DD3D006BFB54 /* Resources */,
				1D60588E0D05DD3D006BFB54 /* Sources */,
				1D60588F0D05DD3D006BFB54 /* Frameworks */,
			);
			buildRules = (
			);
			dependencies = (
			);
			name = iPadSlotMachine;
			productName = iPadSlotMachine;
			productReference = 1D6058910D05DD3D006BFB54 /* SlotMachine.app */;
			productType = "com.apple.product-type.application";
		};
/* End PBXNativeTarget section */

/* Begin PBXProject section */
		29B97313FDCFA39411CA2CEA /* Project object */ = {
			isa = PBXProject;
			buildConfigurationList = C01FCF4E08A954540054247B /* Build configuration list for PBXProject "iPadSlotMachine" */;
			compatibilityVersion = "Xcode 3.1";
			hasScannedForEncodings = 1;
			mainGroup = 29B97314FDCFA39411CA2CEA /* CustomTemplate */;
			projectDirPath = "";
			projectRoot = "";
			targets = (
				1D6058900D05DD3D006BFB54 /* iPadSlotMachine */,
			);
		};
/* End PBXProject section */

/* Begin PBXResourcesBuildPhase section */
		1D60588D0D05DD3D006BFB54 /* Resources */ = {
			isa = PBXResourcesBuildPhase;
			buildActionMask = 2147483647;
			files = (
				225D17AD1179AA530085D2A4 /* LittleFlips6.wav in Resources */,
				225D17AF1179AA5A0085D2A4 /* StartingGate.wav in Resources */,
				228DE779117A391F00E77F61 /* MachineBackground.png in Resources */,
				228DE77A117A391F00E77F61 /* Slot.png in Resources */,
				228DE77B117A391F00E77F61 /* SlotShading.png in Resources */,
				228DE77C117A391F00E77F61 /* StopBar.png in Resources */,
				228053BD117A3CE500C66CC8 /* Default.png in Resources */,
			);
			runOnlyForDeploymentPostprocessing = 0;
		};
/* End PBXResourcesBuildPhase section */

/* Begin PBXSourcesBuildPhase section */
		1D60588E0D05DD3D006BFB54 /* Sources */ = {
			isa = PBXSourcesBuildPhase;
			buildActionMask = 2147483647;
			files = (
				2235A27711797E5D0099FE99 /* main.m in Sources */,
				2235A28211797E980099FE99 /* ApplicationDelegate.m in Sources */,
				225D17811179A8B70085D2A4 /* Motion.m in Sources */,
			);
			runOnlyForDeploymentPostprocessing = 0;
		};
/* End PBXSourcesBuildPhase section */

/* Begin XCBuildConfiguration section */
		1D6058940D05DD3E006BFB54 /* Debug */ = {
			isa = XCBuildConfiguration;
			buildSettings = {
				ALWAYS_SEARCH_USER_PATHS = NO;
				COPY_PHASE_STRIP = NO;
				GCC_DYNAMIC_NO_PIC = NO;
				GCC_OPTIMIZATION_LEVEL = 0;
				GCC_PRECOMPILE_PREFIX_HEADER = YES;
				GCC_PREFIX_HEADER = Prefix.pch;
				INFOPLIST_FILE = Info.plist;
				PRODUCT_NAME = SlotMachine;
			};
			name = Debug;
		};
		1D6058950D05DD3E006BFB54 /* Release */ = {
			isa = XCBuildConfiguration;
			buildSettings = {
				ALWAYS_SEARCH_USER_PATHS = NO;
				COPY_PHASE_STRIP = YES;
				GCC_PRECOMPILE_PREFIX_HEADER = YES;
				GCC_PREFIX_HEADER = Prefix.pch;
				INFOPLIST_FILE = Info.plist;
				PRODUCT_NAME = SlotMachine;
				VALIDATE_PRODUCT = YES;
			};
			name = Release;
		};
		C01FCF4F08A954540054247B /* Debug */ = {
			isa = XCBuildConfiguration;
			buildSettings = {
				ARCHS = "$(ARCHS_UNIVERSAL_IPHONE_OS)";
				"CODE_SIGN_IDENTITY[sdk=iphoneos*]" = "iPhone Developer";
				GCC_C_LANGUAGE_STANDARD = c99;
				GCC_WARN_ABOUT_RETURN_TYPE = YES;
				GCC_WARN_UNUSED_VARIABLE = YES;
				IPHONEOS_DEPLOYMENT_TARGET = 3.1;
				PREBINDING = NO;
				SDKROOT = iphoneos3.2;
				TARGETED_DEVICE_FAMILY = "1,2";
			};
			name = Debug;
		};
		C01FCF5008A954540054247B /* Release */ = {
			isa = XCBuildConfiguration;
			buildSettings = {
				ARCHS = "$(ARCHS_UNIVERSAL_IPHONE_OS)";
				"CODE_SIGN_IDENTITY[sdk=iphoneos*]" = "iPhone Developer";
				GCC_C_LANGUAGE_STANDARD = c99;
				GCC_WARN_ABOUT_RETURN_TYPE = YES;
				GCC_WARN_UNUSED_VARIABLE = YES;
				IPHONEOS_DEPLOYMENT_TARGET = 3.1;
				OTHER_CFLAGS = "-DNS_BLOCK_ASSERTIONS=1";
				PREBINDING = NO;
				SDKROOT = iphoneos3.2;
				TARGETED_DEVICE_FAMILY = "1,2";
			};
			name = Release;
		};
/* End XCBuildConfiguration section */

/* Begin XCConfigurationList section */
		1D6058960D05DD3E006BFB54 /* Build configuration list for PBXNativeTarget "iPadSlotMachine" */ = {
			isa = XCConfigurationList;
			buildConfigurations = (
				1D6058940D05DD3E006BFB54 /* Debug */,
				1D6058950D05DD3E006BFB54 /* Release */,
			);
			defaultConfigurationIsVisible = 0;
			defaultConfigurationName = Release;
		};
		C01FCF4E08A954540054247B /* Build configuration list for PBXProject "iPadSlotMachine" */ = {
			isa = XCConfigurationList;
			buildConfigurations = (
				C01FCF4F08A954540054247B /* Debug */,
				C01FCF5008A954540054247B /* Release */,
			);
			defaultConfigurationIsVisible = 0;
			defaultConfigurationName = Release;
		};
/* End XCConfigurationList section */
	};
	rootObject = 29B97313FDCFA39411CA2CEA /* Project object */;
}
